
Microsoft Visual Studio Solution File, Format Version 12.00
# Visual Studio Version 16
VisualStudioVersion = 16.0.29519.181
MinimumVisualStudioVersion = 10.0.40219.1
Project("{FAE04EC0-301F-11D3-BF4B-00C04F79EFBC}") = "Casting", "Casting\Casting.csproj", "{146966BF-CCEA-40D8-92A6-8CAE06ABA91C}"
EndProject
Global
	GlobalSection(SolutionConfigurationPlatforms) = preSolution
		Debug|Any CPU = Debug|Any CPU
		Release|Any CPU = Release|Any CPU
	EndGlobalSection
	GlobalSection(ProjectConfigurationPlatforms) = postSolution
		{146966BF-CCEA-40D8-92A6-8CAE06ABA91C}.Debug|Any CPU.ActiveCfg = Debug|Any CPU
		{146966BF-CCEA-40D8-92A6-8CAE06ABA91C}.Debug|Any CPU.Build.0 = Debug|Any CPU
		{146966BF-CCEA-40D8-92A6-8CAE06ABA91C}.Release|Any CPU.ActiveCfg = Release|Any CPU
		{146966BF-CCEA-40D8-92A6-8CAE06ABA91C}.Release|Any CPU.Build.0 = Release|Any CPU
	EndGlobalSection
	GlobalSection(SolutionProperties) = preSolution
		HideSolutionNode = FALSE
	EndGlobalSection
	GlobalSection(ExtensibilityGlobals) = postSolution
		SolutionGuid = {6BEAD8B6-630F-4C00-9384-9D747E442CC9}
	EndGlobalSection
EndGlobal
